{
  "lockfile_version": "1",
  "packages": {
    "fzf@0.60.2": {
      "last_modified": "2025-02-24T11:23:12Z",
      "resolved": "github:NixOS/nixpkgs/d9b69c3ec2a2e2e971c534065bdd53374bd68b97#fzf",
      "source": "devbox-search",
      "version": "0.60.2",
      "systems": {
        "aarch64-darwin": {
          "outputs": [
            {
              "name": "out",
              "path": "/nix/store/wravvbjg8cpqff5bkvj7mj37z9bbg5qz-fzf-0.60.2",
              "default": true
            },
            {
              "name": "man",
              "path": "/nix/store/nx5hyj13zrgd9s0g4d4rg9fsfs90ckac-fzf-0.60.2-man",
              "default": true
            }
          ],
          "store_path": "/nix/store/wravvbjg8cpqff5bkvj7mj37z9bbg5qz-fzf-0.60.2"
        },
        "aarch64-linux": {
          "outputs": [
            {
              "name": "out",
              "path": "/nix/store/zzppzfh25q9ki38rfhz40q3kjvs74wxs-fzf-0.60.2",
              "default": true
            },
            {
              "name": "man",
              "path": "/nix/store/r9j5z3ixri7awrjm6bmm47rinqikdh7g-fzf-0.60.2-man",
              "default": true
            }
          ],
          "store_path": "/nix/store/zzppzfh25q9ki38rfhz40q3kjvs74wxs-fzf-0.60.2"
        },
        "x86_64-darwin": {
          "outputs": [
            {
              "name": "out",
              "path": "/nix/store/40z445m6hbpb1szazfkrcm5p7ivn0nm7-fzf-0.60.2",
              "default": true
            },
            {
              "name": "man",
              "path": "/nix/store/fjvpdl8l76ylxdq75x2h44jhxgg4vf79-fzf-0.60.2-man",
              "default": true
            }
          ],
          "store_path": "/nix/store/40z445m6hbpb1szazfkrcm5p7ivn0nm7-fzf-0.60.2"
        },
        "x86_64-linux": {
          "outputs": [
            {
              "name": "out",
              "path": "/nix/store/y2fbihhpi1ml7m63c723qgh4izdvy1rr-fzf-0.60.2",
              "default": true
            },
            {
              "name": "man",
              "path": "/nix/store/wn15k4ld70prb9ay1fy1770x2vlfks87-fzf-0.60.2-man",
              "default": true
            }
          ],
          "store_path": "/nix/store/y2fbihhpi1ml7m63c723qgh4izdvy1rr-fzf-0.60.2"
        }
      }
    },
    "github:NixOS/nixpkgs/nixpkgs-unstable": {
      "resolved": "github:NixOS/nixpkgs/199169a2135e6b864a888e89a2ace345703c025d?lastModified=1740791350&narHash=sha256-igS2Z4tVw5W%2Fx3lCZeeadt0vcU9fxtetZ%2FRyrqsCRQ0%3D"
    },
    "go@1.24.0": {
      "last_modified": "2025-02-12T00:10:52Z",
      "resolved": "github:NixOS/nixpkgs/83a2581c81ff5b06f7c1a4e7cc736a455dfcf7b4#go_1_24",
      "source": "devbox-search",
      "version": "1.24.0",
      "systems": {
        "aarch64-darwin": {
          "outputs": [
            {
              "name": "out",
              "path": "/nix/store/qldcnifalkvyah0wnv7m4zb854yd9l88-go-1.24.0",
              "default": true
            }
          ],
          "store_path": "/nix/store/qldcnifalkvyah0wnv7m4zb854yd9l88-go-1.24.0"
        },
        "aarch64-linux": {
          "outputs": [
            {
              "name": "out",
              "path": "/nix/store/rrxgml7w4pfmibjbspkdvrw8vd2vnarb-go-1.24.0",
              "default": true
            }
          ],
          "store_path": "/nix/store/rrxgml7w4pfmibjbspkdvrw8vd2vnarb-go-1.24.0"
        },
        "x86_64-darwin": {
          "outputs": [
            {
              "name": "out",
              "path": "/nix/store/7imv22pl4qrjwvi6jzlfb305rc2min45-go-1.24.0",
              "default": true
            }
          ],
          "store_path": "/nix/store/7imv22pl4qrjwvi6jzlfb305rc2min45-go-1.24.0"
        },
        "x86_64-linux": {
          "outputs": [
            {
              "name": "out",
              "path": "/nix/store/vh5d5bj1sljdhdypy80x1ydx2jx6rv2q-go-1.24.0",
              "default": true
            }
          ],
          "store_path": "/nix/store/vh5d5bj1sljdhdypy80x1ydx2jx6rv2q-go-1.24.0"
        }
      }
    },
    "golangci-lint@1.64.5": {
      "last_modified": "2025-02-16T21:44:05Z",
      "resolved": "github:NixOS/nixpkgs/f0204ef4baa3b6317dee1c84ddeffbd293638836#golangci-lint",
      "source": "devbox-search",
      "version": "1.64.5",
      "systems": {
        "aarch64-darwin": {
          "outputs": [
            {
              "name": "out",
              "path": "/nix/store/jh2f466rbi0pgk6f3w8jdzy4qyccybz3-golangci-lint-1.64.5",
              "default": true
            }
          ],
          "store_path": "/nix/store/jh2f466rbi0pgk6f3w8jdzy4qyccybz3-golangci-lint-1.64.5"
        },
        "aarch64-linux": {
          "outputs": [
            {
              "name": "out",
              "path": "/nix/store/63mvzwlqana7bfcy8jzmn3fvkn46k0p6-golangci-lint-1.64.5",
              "default": true
            }
          ],
          "store_path": "/nix/store/63mvzwlqana7bfcy8jzmn3fvkn46k0p6-golangci-lint-1.64.5"
        },
        "x86_64-darwin": {
          "outputs": [
            {
              "name": "out",
              "path": "/nix/store/d662i9k8p2alplmxc3bqypc646x7wy1b-golangci-lint-1.64.5",
              "default": true
            }
          ],
          "store_path": "/nix/store/d662i9k8p2alplmxc3bqypc646x7wy1b-golangci-lint-1.64.5"
        },
        "x86_64-linux": {
          "outputs": [
            {
              "name": "out",
              "path": "/nix/store/25732rsdh49iwjrik69sb9cfhiza00b5-golangci-lint-1.64.5",
              "default": true
            }
          ],
          "store_path": "/nix/store/25732rsdh49iwjrik69sb9cfhiza00b5-golangci-lint-1.64.5"
        }
      }
    },
    "kubectl@1.32.2": {
      "last_modified": "2025-02-16T00:50:12Z",
      "resolved": "github:NixOS/nixpkgs/1dcdd535fef84d4671129a10e7072d56dca9a4d3#kubectl",
      "source": "devbox-search",
      "version": "1.32.2",
      "systems": {
        "aarch64-darwin": {
          "outputs": [
            {
              "name": "out",
              "path": "/nix/store/fdg47848h1jm48dvq34vzjx7pxipipyj-kubectl-1.32.2",
              "default": true
            },
            {
              "name": "man",
              "path": "/nix/store/nwpq48a67gn7xvma4k76wa3dl5qpc9jw-kubectl-1.32.2-man",
              "default": true
            },
            {
              "name": "convert",
              "path": "/nix/store/2l56gryy2lc3bxd1k28d606r23872vj1-kubectl-1.32.2-convert"
            }
          ],
          "store_path": "/nix/store/fdg47848h1jm48dvq34vzjx7pxipipyj-kubectl-1.32.2"
        },
        "aarch64-linux": {
          "outputs": [
            {
              "name": "out",
              "path": "/nix/store/ln7cfszvc6gjjrarbv0ipf1h8yzgkl46-kubectl-1.32.2",
              "default": true
            },
            {
              "name": "man",
              "path": "/nix/store/m79ivh1p7158mycrxiqslsdwqz0a2y15-kubectl-1.32.2-man",
              "default": true
            },
            {
              "name": "convert",
              "path": "/nix/store/x9c450w9l5l9hdb4sqvysi6wlsg522x7-kubectl-1.32.2-convert"
            }
          ],
          "store_path": "/nix/store/ln7cfszvc6gjjrarbv0ipf1h8yzgkl46-kubectl-1.32.2"
        },
        "x86_64-darwin": {
          "outputs": [
            {
              "name": "out",
              "path": "/nix/store/b2js0qn4da3bl7xi06q5prx27gd5fch8-kubectl-1.32.2",
              "default": true
            },
            {
              "name": "man",
              "path": "/nix/store/97yz99gy3hg69b6jjaqi01126ld5hgpl-kubectl-1.32.2-man",
              "default": true
            },
            {
              "name": "convert",
              "path": "/nix/store/1cr7phxn688by6bgzrpr5x6pv29dzknp-kubectl-1.32.2-convert"
            }
          ],
          "store_path": "/nix/store/b2js0qn4da3bl7xi06q5prx27gd5fch8-kubectl-1.32.2"
        },
        "x86_64-linux": {
          "outputs": [
            {
              "name": "out",
              "path": "/nix/store/d4hd150ffhnayv270mpacjkv57agyxyd-kubectl-1.32.2",
              "default": true
            },
            {
              "name": "man",
              "path": "/nix/store/37p1rr7vy6kmfhih65p6lvwc1cx64z6x-kubectl-1.32.2-man",
              "default": true
            },
            {
              "name": "convert",
              "path": "/nix/store/9ydig9bf3sgbsgxi06jw1128cdrpvfm1-kubectl-1.32.2-convert"
            }
          ],
          "store_path": "/nix/store/d4hd150ffhnayv270mpacjkv57agyxyd-kubectl-1.32.2"
        }
      }
    },
    "kubernetes-helm@3.17.1": {
      "last_modified": "2025-02-13T21:40:15Z",
      "resolved": "github:NixOS/nixpkgs/ba0939c506a03c60a765cd7f7c43794816540eec#kubernetes-helm",
      "source": "devbox-search",
      "version": "3.17.1",
      "systems": {
        "aarch64-darwin": {
          "outputs": [
            {
              "name": "out",
              "path": "/nix/store/vw1p06zqaj6f24qqiajy9cvzbignldj9-kubernetes-helm-3.17.1",
              "default": true
            }
          ],
          "store_path": "/nix/store/vw1p06zqaj6f24qqiajy9cvzbignldj9-kubernetes-helm-3.17.1"
        },
        "aarch64-linux": {
          "outputs": [
            {
              "name": "out",
              "path": "/nix/store/v0ff1hymbd0sqlw0z3vszq7z0sjdd68l-kubernetes-helm-3.17.1",
              "default": true
            }
          ],
          "store_path": "/nix/store/v0ff1hymbd0sqlw0z3vszq7z0sjdd68l-kubernetes-helm-3.17.1"
        },
        "x86_64-darwin": {
          "outputs": [
            {
              "name": "out",
              "path": "/nix/store/b643xxmzx0k3v2fl6kq9lyajj99nhrcf-kubernetes-helm-3.17.1",
              "default": true
            }
          ],
          "store_path": "/nix/store/b643xxmzx0k3v2fl6kq9lyajj99nhrcf-kubernetes-helm-3.17.1"
        },
        "x86_64-linux": {
          "outputs": [
            {
              "name": "out",
              "path": "/nix/store/jnff4f0rfxp13bj7wld1yx6r26y4why7-kubernetes-helm-3.17.1",
              "default": true
            }
          ],
          "store_path": "/nix/store/jnff4f0rfxp13bj7wld1yx6r26y4why7-kubernetes-helm-3.17.1"
        }
      }
    },
    "nodejs@23.8.0": {
      "last_modified": "2025-02-17T23:19:04Z",
      "plugin_version": "0.0.2",
      "resolved": "github:NixOS/nixpkgs/f0295845e58ada369322524631821b01c0db13a7#nodejs_23",
      "source": "devbox-search",
      "version": "23.8.0",
      "systems": {
        "aarch64-darwin": {
          "outputs": [
            {
              "name": "out",
              "path": "/nix/store/2rbdsqx3nzl62hi8r2yza5mp6bs4mlj2-nodejs-23.8.0",
              "default": true
            },
            {
              "name": "libv8",
              "path": "/nix/store/7misjcd7cc6qvavg1g5rfck6pvv87rq6-nodejs-23.8.0-libv8"
            }
          ],
          "store_path": "/nix/store/2rbdsqx3nzl62hi8r2yza5mp6bs4mlj2-nodejs-23.8.0"
        },
        "aarch64-linux": {
          "outputs": [
            {
              "name": "out",
              "path": "/nix/store/9fzsniy3lcf4xcgfaa30hj5n9ircaxk4-nodejs-23.8.0",
              "default": true
            },
            {
              "name": "libv8",
              "path": "/nix/store/prd4n7bgjcivwh2bai3vs4f4hx2wy2jq-nodejs-23.8.0-libv8"
            }
          ],
          "store_path": "/nix/store/9fzsniy3lcf4xcgfaa30hj5n9ircaxk4-nodejs-23.8.0"
        },
        "x86_64-darwin": {
          "outputs": [
            {
              "name": "out",
              "path": "/nix/store/vwnziyakgm9axpjargc1xa4hy8pkr7xf-nodejs-23.8.0",
              "default": true
            },
            {
              "name": "libv8",
              "path": "/nix/store/0ydk6jz58ibzx22kg7pw200fck5fxssa-nodejs-23.8.0-libv8"
            }
          ],
          "store_path": "/nix/store/vwnziyakgm9axpjargc1xa4hy8pkr7xf-nodejs-23.8.0"
        },
        "x86_64-linux": {
          "outputs": [
            {
              "name": "out",
              "path": "/nix/store/mvbq39c4j35zy67ylksw1v9kih5ly38i-nodejs-23.8.0",
              "default": true
            },
            {
              "name": "libv8",
              "path": "/nix/store/bmzyr8nnz9khyj75g51camm201br48bx-nodejs-23.8.0-libv8"
            }
          ],
          "store_path": "/nix/store/mvbq39c4j35zy67ylksw1v9kih5ly38i-nodejs-23.8.0"
        }
      }
    },
    "python@3.14.0a5": {
      "last_modified": "2025-02-23T09:42:26Z",
      "plugin_version": "0.0.4",
      "resolved": "github:NixOS/nixpkgs/2d068ae5c6516b2d04562de50a58c682540de9bf#python314",
      "source": "devbox-search",
      "version": "3.14.0a5",
      "systems": {
        "aarch64-darwin": {
          "outputs": [
            {
              "name": "out",
              "path": "/nix/store/s1wxs25qngnwcfq30s0pj0l36lhicjbi-python3-3.14.0a5",
              "default": true
            }
          ],
          "store_path": "/nix/store/s1wxs25qngnwcfq30s0pj0l36lhicjbi-python3-3.14.0a5"
        },
        "aarch64-linux": {
          "outputs": [
            {
              "name": "out",
              "path": "/nix/store/2y6xcldky1xy8916jdnlhfd0r9g66a7n-python3-3.14.0a5",
              "default": true
            },
            {
              "name": "debug",
              "path": "/nix/store/0njqqf2nmjycim8mj29wh03sl4zn8q6g-python3-3.14.0a5-debug"
            }
          ],
          "store_path": "/nix/store/2y6xcldky1xy8916jdnlhfd0r9g66a7n-python3-3.14.0a5"
        },
        "x86_64-darwin": {
          "outputs": [
            {
              "name": "out",
              "path": "/nix/store/yy3gazfv7bi009pxr86qsksla02ilagx-python3-3.14.0a5",
              "default": true
            }
          ],
          "store_path": "/nix/store/yy3gazfv7bi009pxr86qsksla02ilagx-python3-3.14.0a5"
        },
        "x86_64-linux": {
          "outputs": [
            {
              "name": "out",
              "path": "/nix/store/l071vzimzylrh4lnxjdilrylzvhfjn18-python3-3.14.0a5",
              "default": true
            },
            {
              "name": "debug",
              "path": "/nix/store/zh4bs3nww2dwf40l2gwlwhar5isqljgq-python3-3.14.0a5-debug"
            }
          ],
          "store_path": "/nix/store/l071vzimzylrh4lnxjdilrylzvhfjn18-python3-3.14.0a5"
        }
      }
    },
    "ripgrep@14.1.1": {
      "last_modified": "2025-02-07T11:26:36Z",
      "resolved": "github:NixOS/nixpkgs/d98abf5cf5914e5e4e9d57205e3af55ca90ffc1d#ripgrep",
      "source": "devbox-search",
      "version": "14.1.1",
      "systems": {
        "aarch64-darwin": {
          "outputs": [
            {
              "name": "out",
              "path": "/nix/store/xbwga7p976nr1y258s0wibg1v3lrpj6f-ripgrep-14.1.1",
              "default": true
            }
          ],
          "store_path": "/nix/store/xbwga7p976nr1y258s0wibg1v3lrpj6f-ripgrep-14.1.1"
        },
        "aarch64-linux": {
          "outputs": [
            {
              "name": "out",
              "path": "/nix/store/a6fb6qndpljifx78n0f1hnx0lqs90v8c-ripgrep-14.1.1",
              "default": true
            }
          ],
          "store_path": "/nix/store/a6fb6qndpljifx78n0f1hnx0lqs90v8c-ripgrep-14.1.1"
        },
        "x86_64-darwin": {
          "outputs": [
            {
              "name": "out",
              "path": "/nix/store/3svg07dm8p1m4j7nk472mlp0j4f0gada-ripgrep-14.1.1",
              "default": true
            }
          ],
          "store_path": "/nix/store/3svg07dm8p1m4j7nk472mlp0j4f0gada-ripgrep-14.1.1"
        },
        "x86_64-linux": {
          "outputs": [
            {
              "name": "out",
              "path": "/nix/store/r16zs84i0hqdbz4lijjwxxl21c2j9zid-ripgrep-14.1.1",
              "default": true
            }
          ],
          "store_path": "/nix/store/r16zs84i0hqdbz4lijjwxxl21c2j9zid-ripgrep-14.1.1"
        }
      }
    }
  }
}
